{
  "originHash" : "0a257ae3dabd1727f4124c2704bd782370f0e27a821ae96fa44123a16d50c0d1",
  "pins" : [
    {
      "identity" : "apple-fm-swift",
      "kind" : "remoteSourceControl",
      "location" : "https://github.com/StoneHub/apple-fm-swift.git",
      "state" : {
        "revision" : "737fac9e7147403f2777e0901f02452e8fc25ae7"
      }
    },
    {
      "identity" : "fluidaudio",
      "kind" : "remoteSourceControl",
      "location" : "https://github.com/FluidInference/FluidAudio.git",
      "state" : {
        "revision" : "5c19d5e12320e22bbfb7a1877b089d2665a69add"
      }
    }
  ],
  "version" : 3
}
